
Microsoft Visual Studio Solution File, Format Version 12.00
# Visual Studio 2017
Project("{FAE04EC0-301F-11D3-BF4B-00C04F79EFBC}") = "Test_Tiled_Editor", "Test_Tiled_Editor.csproj", "{660C445E-653F-1CE5-818D-F9DD25655DEF}"
EndProject
Project("{FAE04EC0-301F-11D3-BF4B-00C04F79EFBC}") = "Test_Tiled_Editor.Editor", "Test_Tiled_Editor.Editor.csproj", "{1948ED30-8AF2-F344-BF89-982D4A7FE310}"
EndProject
Global
	GlobalSection(SolutionConfigurationPlatforms) = preSolution
		Debug|Any CPU = Debug|Any CPU
		Release|Any CPU = Release|Any CPU
	EndGlobalSection
	GlobalSection(ProjectConfigurationPlatforms) = postSolution
		{660C445E-653F-1CE5-818D-F9DD25655DEF}.Debug|Any CPU.ActiveCfg = Debug|Any CPU
		{660C445E-653F-1CE5-818D-F9DD25655DEF}.Debug|Any CPU.Build.0 = Debug|Any CPU
		{660C445E-653F-1CE5-818D-F9DD25655DEF}.Release|Any CPU.ActiveCfg = Release|Any CPU
		{660C445E-653F-1CE5-818D-F9DD25655DEF}.Release|Any CPU.Build.0 = Release|Any CPU
		{1948ED30-8AF2-F344-BF89-982D4A7FE310}.Debug|Any CPU.ActiveCfg = Debug|Any CPU
		{1948ED30-8AF2-F344-BF89-982D4A7FE310}.Debug|Any CPU.Build.0 = Debug|Any CPU
		{1948ED30-8AF2-F344-BF89-982D4A7FE310}.Release|Any CPU.ActiveCfg = Release|Any CPU
		{1948ED30-8AF2-F344-BF89-982D4A7FE310}.Release|Any CPU.Build.0 = Release|Any CPU
	EndGlobalSection
	GlobalSection(SolutionProperties) = preSolution
		HideSolutionNode = FALSE
	EndGlobalSection
EndGlobal
